// !$*UTF8*$!
{
	archiveVersion = 1;
	classes = {
	};
	objectVersion = 56;
	objects = {

/* Begin PBXBuildFile section */
		DF3BEB252ABE0F9100866378 /* AspectVGrid.swift in Sources */ = {isa = PBXBuildFile; fileRef = DF3BEB242ABE0F9100866378 /* AspectVGrid.swift */; };
		DF8AD6822AA35ED000C42893 /* MemorizeApp.swift in Sources */ = {isa = PBXBuildFile; fileRef = DF8AD6812AA35ED000C42893 /* MemorizeApp.swift */; };
		DF8AD6862AA35ED300C42893 /* Assets.xcassets in Resources */ = {isa = PBXBuildFile; fileRef = DF8AD6852AA35ED300C42893 /* Assets.xcassets */; };
		DF8AD6892AA35ED300C42893 /* Preview Assets.xcassets in Resources */ = {isa = PBXBuildFile; fileRef = DF8AD6882AA35ED300C42893 /* Preview Assets.xcassets */; };
		DFB6F81B2AA7A8540023760F /* MemoryGame.swift in Sources */ = {isa = PBXBuildFile; fileRef = DFB6F81A2AA7A8540023760F /* MemoryGame.swift */; };
		DFB6F81D2AA7AA2A0023760F /* EmojiMemoryGameViewModel.swift in Sources */ = {isa = PBXBuildFile; fileRef = DFB6F81C2AA7AA2A0023760F /* EmojiMemoryGameViewModel.swift */; };
		DFC809922ABF0D7100A827FB /* CardView.swift in Sources */ = {isa = PBXBuildFile; fileRef = DFC809912ABF0D7100A827FB /* CardView.swift */; };
		DFC809942ABF0D8000A827FB /* Cardify.swift in Sources */ = {isa = PBXBuildFile; fileRef = DFC809932ABF0D8000A827FB /* Cardify.swift */; };
		DFC809962ABF0DBF00A827FB /* EmojiMemoryGameView.swift in Sources */ = {isa = PBXBuildFile; fileRef = DFC809952ABF0DBF00A827FB /* EmojiMemoryGameView.swift */; };
		DFC809982ABF0DD900A827FB /* FlyingNumber.swift in Sources */ = {isa = PBXBuildFile; fileRef = DFC809972ABF0DD900A827FB /* FlyingNumber.swift */; };
		DFC8099A2ABF0E1700A827FB /* Pie.swift in Sources */ = {isa = PBXBuildFile; fileRef = DFC809992ABF0E1700A827FB /* Pie.swift */; };
/* End PBXBuildFile section */

/* Begin PBXFileReference section */
		DF3BEB242ABE0F9100866378 /* AspectVGrid.swift */ = {isa = PBXFileReference; lastKnownFileType = sourcecode.swift; path = AspectVGrid.swift; sourceTree = "<group>"; };
		DF8AD67E2AA35ED000C42893 /* Memorize.app */ = {isa = PBXFileReference; explicitFileType = wrapper.application; includeInIndex = 0; path = Memorize.app; sourceTree = BUILT_PRODUCTS_DIR; };
		DF8AD6812AA35ED000C42893 /* MemorizeApp.swift */ = {isa = PBXFileReference; lastKnownFileType = sourcecode.swift; path = MemorizeApp.swift; sourceTree = "<group>"; };
		DF8AD6852AA35ED300C42893 /* Assets.xcassets */ = {isa = PBXFileReference; lastKnownFileType = folder.assetcatalog; path = Assets.xcassets; sourceTree = "<group>"; };
		DF8AD6882AA35ED300C42893 /* Preview Assets.xcassets */ = {isa = PBXFileReference; lastKnownFileType = folder.assetcatalog; path = "Preview Assets.xcassets"; sourceTree = "<group>"; };
		DFB6F81A2AA7A8540023760F /* MemoryGame.swift */ = {isa = PBXFileReference; lastKnownFileType = sourcecode.swift; path = MemoryGame.swift; sourceTree = "<group>"; };
		DFB6F81C2AA7AA2A0023760F /* EmojiMemoryGameViewModel.swift */ = {isa = PBXFileReference; lastKnownFileType = sourcecode.swift; path = EmojiMemoryGameViewModel.swift; sourceTree = "<group>"; };
		DFC809912ABF0D7100A827FB /* CardView.swift */ = {isa = PBXFileReference; lastKnownFileType = sourcecode.swift; path = CardView.swift; sourceTree = "<group>"; };
		DFC809932ABF0D8000A827FB /* Cardify.swift */ = {isa = PBXFileReference; lastKnownFileType = sourcecode.swift; path = Cardify.swift; sourceTree = "<group>"; };
		DFC809952ABF0DBF00A827FB /* EmojiMemoryGameView.swift */ = {isa = PBXFileReference; lastKnownFileType = sourcecode.swift; path = EmojiMemoryGameView.swift; sourceTree = "<group>"; };
		DFC809972ABF0DD900A827FB /* FlyingNumber.swift */ = {isa = PBXFileReference; lastKnownFileType = sourcecode.swift; path = FlyingNumber.swift; sourceTree = "<group>"; };
		DFC809992ABF0E1700A827FB /* Pie.swift */ = {isa = PBXFileReference; lastKnownFileType = sourcecode.swift; path = Pie.swift; sourceTree = "<group>"; };
/* End PBXFileReference section */

/* Begin PBXFrameworksBuildPhase section */
		DF8AD67B2AA35ED000C42893 /* Frameworks */ = {
			isa = PBXFrameworksBuildPhase;
			buildActionMask = 2147483647;
			files = (
			);
			runOnlyForDeploymentPostprocessing = 0;
		};
/* End PBXFrameworksBuildPhase section */

/* Begin PBXGroup section */
		DF8AD6752AA35ED000C42893 = {
			isa = PBXGroup;
			children = (
				DF8AD6802AA35ED000C42893 /* Memorize */,
				DF8AD67F2AA35ED000C42893 /* Products */,
			);
			sourceTree = "<group>";
		};
		DF8AD67F2AA35ED000C42893 /* Products */ = {
			isa = PBXGroup;
			children = (
				DF8AD67E2AA35ED000C42893 /* Memorize.app */,
			);
			name = Products;
			sourceTree = "<group>";
		};
		DF8AD6802AA35ED000C42893 /* Memorize */ = {
			isa = PBXGroup;
			children = (
				DF8AD6812AA35ED000C42893 /* MemorizeApp.swift */,
				DFB6F81E2AA7C2810023760F /* Views */,
				DFB6F81C2AA7AA2A0023760F /* EmojiMemoryGameViewModel.swift */,
				DFB6F81A2AA7A8540023760F /* MemoryGame.swift */,
				DF8AD6852AA35ED300C42893 /* Assets.xcassets */,
				DF8AD6872AA35ED300C42893 /* Preview Content */,
				DF3BEB242ABE0F9100866378 /* AspectVGrid.swift */,
				DFC809932ABF0D8000A827FB /* Cardify.swift */,
				DFC809952ABF0DBF00A827FB /* EmojiMemoryGameView.swift */,
			);
			path = Memorize;
			sourceTree = "<group>";
		};
		DF8AD6872AA35ED300C42893 /* Preview Content */ = {
			isa = PBXGroup;
			children = (
				DF8AD6882AA35ED300C42893 /* Preview Assets.xcassets */,
			);
			path = "Preview Content";
			sourceTree = "<group>";
		};
		DFB6F81E2AA7C2810023760F /* Views */ = {
			isa = PBXGroup;
			children = (
				DFC809992ABF0E1700A827FB /* Pie.swift */,
				DFC809912ABF0D7100A827FB /* CardView.swift */,
				DFC809972ABF0DD900A827FB /* FlyingNumber.swift */,
			);
			path = Views;
			sourceTree = "<group>";
		};
/* End PBXGroup section */

/* Begin PBXNativeTarget section */
		DF8AD67D2AA35ED000C42893 /* Memorize */ = {
			isa = PBXNativeTarget;
			buildConfigurationList = DF8AD68C2AA35ED300C42893 /* Build configuration list for PBXNativeTarget "Memorize" */;
			buildPhases = (
				DF8AD67A2AA35ED000C42893 /* Sources */,
				DF8AD67B2AA35ED000C42893 /* Frameworks */,
				DF8AD67C2AA35ED000C42893 /* Resources */,
			);
			buildRules = (
			);
			dependencies = (
			);
			name = Memorize;
			productName = Memorize;
			productReference = DF8AD67E2AA35ED000C42893 /* Memorize.app */;
			productType = "com.apple.product-type.application";
		};
/* End PBXNativeTarget section */

/* Begin PBXProject section */
		DF8AD6762AA35ED000C42893 /* Project object */ = {
			isa = PBXProject;
			attributes = {
				BuildIndependentTargetsInParallel = 1;
				LastSwiftUpdateCheck = 1500;
				LastUpgradeCheck = 1500;
				TargetAttributes = {
					DF8AD67D2AA35ED000C42893 = {
						CreatedOnToolsVersion = 15.0;
					};
				};
			};
			buildConfigurationList = DF8AD6792AA35ED000C42893 /* Build configuration list for PBXProject "Memorize" */;
			compatibilityVersion = "Xcode 14.0";
			developmentRegion = en;
			hasScannedForEncodings = 0;
			knownRegions = (
				en,
				Base,
			);
			mainGroup = DF8AD6752AA35ED000C42893;
			productRefGroup = DF8AD67F2AA35ED000C42893 /* Products */;
			projectDirPath = "";
			projectRoot = "";
			targets = (
				DF8AD67D2AA35ED000C42893 /* Memorize */,
			);
		};
/* End PBXProject section */

/* Begin PBXResourcesBuildPhase section */
		DF8AD67C2AA35ED000C42893 /* Resources */ = {
			isa = PBXResourcesBuildPhase;
			buildActionMask = 2147483647;
			files = (
				DF8AD6892AA35ED300C42893 /* Preview Assets.xcassets in Resources */,
				DF8AD6862AA35ED300C42893 /* Assets.xcassets in Resources */,
			);
			runOnlyForDeploymentPostprocessing = 0;
		};
/* End PBXResourcesBuildPhase section */

/* Begin PBXSourcesBuildPhase section */
		DF8AD67A2AA35ED000C42893 /* Sources */ = {
			isa = PBXSourcesBuildPhase;
			buildActionMask = 2147483647;
			files = (
				DFC809922ABF0D7100A827FB /* CardView.swift in Sources */,
				DF3BEB252ABE0F9100866378 /* AspectVGrid.swift in Sources */,
				DFC809942ABF0D8000A827FB /* Cardify.swift in Sources */,
				DF8AD6822AA35ED000C42893 /* MemorizeApp.swift in Sources */,
				DFC809962ABF0DBF00A827FB /* EmojiMemoryGameView.swift in Sources */,
				DFB6F81B2AA7A8540023760F /* MemoryGame.swift in Sources */,
				DFB6F81D2AA7AA2A0023760F /* EmojiMemoryGameViewModel.swift in Sources */,
				DFC8099A2ABF0E1700A827FB /* Pie.swift in Sources */,
				DFC809982ABF0DD900A827FB /* FlyingNumber.swift in Sources */,
			);
			runOnlyForDeploymentPostprocessing = 0;
		};
/* End PBXSourcesBuildPhase section */

/* Begin XCBuildConfiguration section */
		DF8AD68A2AA35ED300C42893 /* Debug */ = {
			isa = XCBuildConfiguration;
			buildSettings = {
				ALWAYS_SEARCH_USER_PATHS = NO;
				ASSETCATALOG_COMPILER_GENERATE_SWIFT_ASSET_SYMBOL_EXTENSIONS = YES;
				CLANG_ANALYZER_NONNULL = YES;
				CLANG_ANALYZER_NUMBER_OBJECT_CONVERSION = YES_AGGRESSIVE;
				CLANG_CXX_LANGUAGE_STANDARD = "gnu++20";
				CLANG_ENABLE_MODULES = YES;
				CLANG_ENABLE_OBJC_ARC = YES;
				CLANG_ENABLE_OBJC_WEAK = YES;
				CLANG_WARN_BLOCK_CAPTURE_AUTORELEASING = YES;
				CLANG_WARN_BOOL_CONVERSION = YES;
				CLANG_WARN_COMMA = YES;
				CLANG_WARN_CONSTANT_CONVERSION = YES;
				CLANG_WARN_DEPRECATED_OBJC_IMPLEMENTATIONS = YES;
				CLANG_WARN_DIRECT_OBJC_ISA_USAGE = YES_ERROR;
				CLANG_WARN_DOCUMENTATION_COMMENTS = YES;
				CLANG_WARN_EMPTY_BODY = YES;
				CLANG_WARN_ENUM_CONVERSION = YES;
				CLANG_WARN_INFINITE_RECURSION = YES;
				CLANG_WARN_INT_CONVERSION = YES;
				CLANG_WARN_NON_LITERAL_NULL_CONVERSION = YES;
				CLANG_WARN_OBJC_IMPLICIT_RETAIN_SELF = YES;
				CLANG_WARN_OBJC_LITERAL_CONVERSION = YES;
				CLANG_WARN_OBJC_ROOT_CLASS = YES_ERROR;
				CLANG_WARN_QUOTED_INCLUDE_IN_FRAMEWORK_HEADER = YES;
				CLANG_WARN_RANGE_LOOP_ANALYSIS = YES;
				CLANG_WARN_STRICT_PROTOTYPES = YES;
				CLANG_WARN_SUSPICIOUS_MOVE = YES;
				CLANG_WARN_UNGUARDED_AVAILABILITY = YES_AGGRESSIVE;
				CLANG_WARN_UNREACHABLE_CODE = YES;
				CLANG_WARN__DUPLICATE_METHOD_MATCH = YES;
				COPY_PHASE_STRIP = NO;
				DEBUG_INFORMATION_FORMAT = dwarf;
				ENABLE_STRICT_OBJC_MSGSEND = YES;
				ENABLE_TESTABILITY = YES;
				ENABLE_USER_SCRIPT_SANDBOXING = YES;
				GCC_C_LANGUAGE_STANDARD = gnu17;
				GCC_DYNAMIC_NO_PIC = NO;
				GCC_NO_COMMON_BLOCKS = YES;
				GCC_OPTIMIZATION_LEVEL = 0;
				GCC_PREPROCESSOR_DEFINITIONS = (
					"DEBUG=1",
					"$(inherited)",
				);
				GCC_WARN_64_TO_32_BIT_CONVERSION = YES;
				GCC_WARN_ABOUT_RETURN_TYPE = YES_ERROR;
				GCC_WARN_UNDECLARED_SELECTOR = YES;
				GCC_WARN_UNINITIALIZED_AUTOS = YES_AGGRESSIVE;
				GCC_WARN_UNUSED_FUNCTION = YES;
				GCC_WARN_UNUSED_VARIABLE = YES;
				IPHONEOS_DEPLOYMENT_TARGET = 17.0;
				LOCALIZATION_PREFERS_STRING_CATALOGS = YES;
				MTL_ENABLE_DEBUG_INFO = INCLUDE_SOURCE;
				MTL_FAST_MATH = YES;
				ONLY_ACTIVE_ARCH = YES;
				SDKROOT = iphoneos;
				SWIFT_ACTIVE_COMPILATION_CONDITIONS = "DEBUG $(inherited)";
				SWIFT_OPTIMIZATION_LEVEL = "-Onone";
			};
			name = Debug;
		};
		DF8AD68B2AA35ED300C42893 /* Release */ = {
			isa = XCBuildConfiguration;
			buildSettings = {
				ALWAYS_SEARCH_USER_PATHS = NO;
				ASSETCATALOG_COMPILER_GENERATE_SWIFT_ASSET_SYMBOL_EXTENSIONS = YES;
				CLANG_ANALYZER_NONNULL = YES;
				CLANG_ANALYZER_NUMBER_OBJECT_CONVERSION = YES_AGGRESSIVE;
				CLANG_CXX_LANGUAGE_STANDARD = "gnu++20";
				CLANG_ENABLE_MODULES = YES;
				CLANG_ENABLE_OBJC_ARC = YES;
				CLANG_ENABLE_OBJC_WEAK = YES;
				CLANG_WARN_BLOCK_CAPTURE_AUTORELEASING = YES;
				CLANG_WARN_BOOL_CONVERSION = YES;
				CLANG_WARN_COMMA = YES;
				CLANG_WARN_CONSTANT_CONVERSION = YES;
				CLANG_WARN_DEPRECATED_OBJC_IMPLEMENTATIONS = YES;
				CLANG_WARN_DIRECT_OBJC_ISA_USAGE = YES_ERROR;
				CLANG_WARN_DOCUMENTATION_COMMENTS = YES;
				CLANG_WARN_EMPTY_BODY = YES;
				CLANG_WARN_ENUM_CONVERSION = YES;
				CLANG_WARN_INFINITE_RECURSION = YES;
				CLANG_WARN_INT_CONVERSION = YES;
				CLANG_WARN_NON_LITERAL_NULL_CONVERSION = YES;
				CLANG_WARN_OBJC_IMPLICIT_RETAIN_SELF = YES;
				CLANG_WARN_OBJC_LITERAL_CONVERSION = YES;
				CLANG_WARN_OBJC_ROOT_CLASS = YES_ERROR;
				CLANG_WARN_QUOTED_INCLUDE_IN_FRAMEWORK_HEADER = YES;
				CLANG_WARN_RANGE_LOOP_ANALYSIS = YES;
				CLANG_WARN_STRICT_PROTOTYPES = YES;
				CLANG_WARN_SUSPICIOUS_MOVE = YES;
				CLANG_WARN_UNGUARDED_AVAILABILITY = YES_AGGRESSIVE;
				CLANG_WARN_UNREACHABLE_CODE = YES;
				CLANG_WARN__DUPLICATE_METHOD_MATCH = YES;
				COPY_PHASE_STRIP = NO;
				DEBUG_INFORMATION_FORMAT = "dwarf-with-dsym";
				ENABLE_NS_ASSERTIONS = NO;
				ENABLE_STRICT_OBJC_MSGSEND = YES;
				ENABLE_USER_SCRIPT_SANDBOXING = YES;
				GCC_C_LANGUAGE_STANDARD = gnu17;
				GCC_NO_COMMON_BLOCKS = YES;
				GCC_WARN_64_TO_32_BIT_CONVERSION = YES;
				GCC_WARN_ABOUT_RETURN_TYPE = YES_ERROR;
				GCC_WARN_UNDECLARED_SELECTOR = YES;
				GCC_WARN_UNINITIALIZED_AUTOS = YES_AGGRESSIVE;
				GCC_WARN_UNUSED_FUNCTION = YES;
				GCC_WARN_UNUSED_VARIABLE = YES;
				IPHONEOS_DEPLOYMENT_TARGET = 17.0;
				LOCALIZATION_PREFERS_STRING_CATALOGS = YES;
				MTL_ENABLE_DEBUG_INFO = NO;
				MTL_FAST_MATH = YES;
				SDKROOT = iphoneos;
				SWIFT_COMPILATION_MODE = wholemodule;
				VALIDATE_PRODUCT = YES;
			};
			name = Release;
		};
		DF8AD68D2AA35ED300C42893 /* Debug */ = {
			isa = XCBuildConfiguration;
			buildSettings = {
				ASSETCATALOG_COMPILER_APPICON_NAME = AppIcon;
				ASSETCATALOG_COMPILER_GLOBAL_ACCENT_COLOR_NAME = AccentColor;
				CODE_SIGN_STYLE = Automatic;
				CURRENT_PROJECT_VERSION = 1;
				DEVELOPMENT_ASSET_PATHS = "\"Memorize/Preview Content\"";
				DEVELOPMENT_TEAM = Z783FFF863;
				ENABLE_PREVIEWS = YES;
				GENERATE_INFOPLIST_FILE = YES;
				INFOPLIST_KEY_UIApplicationSceneManifest_Generation = YES;
				INFOPLIST_KEY_UIApplicationSupportsIndirectInputEvents = YES;
				INFOPLIST_KEY_UILaunchScreen_Generation = YES;
				INFOPLIST_KEY_UISupportedInterfaceOrientations_iPad = "UIInterfaceOrientationPortrait UIInterfaceOrientationPortraitUpsideDown UIInterfaceOrientationLandscapeLeft UIInterfaceOrientationLandscapeRight";
				INFOPLIST_KEY_UISupportedInterfaceOrientations_iPhone = "UIInterfaceOrientationPortrait UIInterfaceOrientationLandscapeLeft UIInterfaceOrientationLandscapeRight";
				LD_RUNPATH_SEARCH_PATHS = (
					"$(inherited)",
					"@executable_path/Frameworks",
				);
				MARKETING_VERSION = 1.0;
				PRODUCT_BUNDLE_IDENTIFIER = com.zhedre1n.Memorize;
				PRODUCT_NAME = "$(TARGET_NAME)";
				SWIFT_EMIT_LOC_STRINGS = YES;
				SWIFT_VERSION = 5.0;
				TARGETED_DEVICE_FAMILY = "1,2";
			};
			name = Debug;
		};
		DF8AD68E2AA35ED300C42893 /* Release */ = {
			isa = XCBuildConfiguration;
			buildSettings = {
				ASSETCATALOG_COMPILER_APPICON_NAME = AppIcon;
				ASSETCATALOG_COMPILER_GLOBAL_ACCENT_COLOR_NAME = AccentColor;
				CODE_SIGN_STYLE = Automatic;
				CURRENT_PROJECT_VERSION = 1;
				DEVELOPMENT_ASSET_PATHS = "\"Memorize/Preview Content\"";
				DEVELOPMENT_TEAM = Z783FFF863;
				ENABLE_PREVIEWS = YES;
				GENERATE_INFOPLIST_FILE = YES;
				INFOPLIST_KEY_UIApplicationSceneManifest_Generation = YES;
				INFOPLIST_KEY_UIApplicationSupportsIndirectInputEvents = YES;
				INFOPLIST_KEY_UILaunchScreen_Generation = YES;
				INFOPLIST_KEY_UISupportedInterfaceOrientations_iPad = "UIInterfaceOrientationPortrait UIInterfaceOrientationPortraitUpsideDown UIInterfaceOrientationLandscapeLeft UIInterfaceOrientationLandscapeRight";
				INFOPLIST_KEY_UISupportedInterfaceOrientations_iPhone = "UIInterfaceOrientationPortrait UIInterfaceOrientationLandscapeLeft UIInterfaceOrientationLandscapeRight";
				LD_RUNPATH_SEARCH_PATHS = (
					"$(inherited)",
					"@executable_path/Frameworks",
				);
				MARKETING_VERSION = 1.0;
				PRODUCT_BUNDLE_IDENTIFIER = com.zhedre1n.Memorize;
				PRODUCT_NAME = "$(TARGET_NAME)";
				SWIFT_EMIT_LOC_STRINGS = YES;
				SWIFT_VERSION = 5.0;
				TARGETED_DEVICE_FAMILY = "1,2";
			};
			name = Release;
		};
/* End XCBuildConfiguration section */

/* Begin XCConfigurationList section */
		DF8AD6792AA35ED000C42893 /* Build configuration list for PBXProject "Memorize" */ = {
			isa = XCConfigurationList;
			buildConfigurations = (
				DF8AD68A2AA35ED300C42893 /* Debug */,
				DF8AD68B2AA35ED300C42893 /* Release */,
			);
			defaultConfigurationIsVisible = 0;
			defaultConfigurationName = Release;
		};
		DF8AD68C2AA35ED300C42893 /* Build configuration list for PBXNativeTarget "Memorize" */ = {
			isa = XCConfigurationList;
			buildConfigurations = (
				DF8AD68D2AA35ED300C42893 /* Debug */,
				DF8AD68E2AA35ED300C42893 /* Release */,
			);
			defaultConfigurationIsVisible = 0;
			defaultConfigurationName = Release;
		};
/* End XCConfigurationList section */
	};
	rootObject = DF8AD6762AA35ED000C42893 /* Project object */;
}
